# This file was autogenerated by Stack.
# You should not edit this file by hand.
# For more information, please see the documentation at:
#   https://docs.haskellstack.org/en/stable/lock_files

packages:
- completed:
    hackage: pointfree-1.1.1.8@sha256:733b5e4148359679e8b313dda794099f31901fc6071dd4b2423c764911eef9ce,2209
    pantry-tree:
      size: 772
      sha256: e0de815e79eadae876f4ef4b3afd296ee1a7eaa68eff8927d4b4604a2f615109
  original:
    hackage: pointfree-1.1.1.8
snapshots:
- completed:
    size: 618683
    url: https://raw.githubusercontent.com/commercialhaskell/stackage-snapshots/master/lts/19/4.yaml
    sha256: d4ee004c46ba878d2f304f5d748d493057be579192a8d148527f3ba55c9df57f
  original:
    url: https://raw.githubusercontent.com/commercialhaskell/stackage-snapshots/master/lts/19/4.yaml
